
Microsoft Visual Studio Solution File, Format Version 12.00
# Visual Studio Version 16
VisualStudioVersion = 16.0.31129.286
MinimumVisualStudioVersion = 10.0.40219.1
Project("{FAE04EC0-301F-11D3-BF4B-00C04F79EFBC}") = "Ekz", "Ekz\Ekz.csproj", "{75770B99-25B4-4EAF-BA00-2E5C33F51C4B}"
EndProject
Project("{FAE04EC0-301F-11D3-BF4B-00C04F79EFBC}") = "Ekz_test", "Ekz_test\Ekz_test.csproj", "{097F1B41-FBDC-4FA4-B1CA-6F5F5555B6EB}"
EndProject
Global
	GlobalSection(SolutionConfigurationPlatforms) = preSolution
		Debug|Any CPU = Debug|Any CPU
		Release|Any CPU = Release|Any CPU
	EndGlobalSection
	GlobalSection(ProjectConfigurationPlatforms) = postSolution
		{75770B99-25B4-4EAF-BA00-2E5C33F51C4B}.Debug|Any CPU.ActiveCfg = Debug|Any CPU
		{75770B99-25B4-4EAF-BA00-2E5C33F51C4B}.Debug|Any CPU.Build.0 = Debug|Any CPU
		{75770B99-25B4-4EAF-BA00-2E5C33F51C4B}.Release|Any CPU.ActiveCfg = Release|Any CPU
		{75770B99-25B4-4EAF-BA00-2E5C33F51C4B}.Release|Any CPU.Build.0 = Release|Any CPU
		{097F1B41-FBDC-4FA4-B1CA-6F5F5555B6EB}.Debug|Any CPU.ActiveCfg = Debug|Any CPU
		{097F1B41-FBDC-4FA4-B1CA-6F5F5555B6EB}.Debug|Any CPU.Build.0 = Debug|Any CPU
		{097F1B41-FBDC-4FA4-B1CA-6F5F5555B6EB}.Release|Any CPU.ActiveCfg = Release|Any CPU
		{097F1B41-FBDC-4FA4-B1CA-6F5F5555B6EB}.Release|Any CPU.Build.0 = Release|Any CPU
	EndGlobalSection
	GlobalSection(SolutionProperties) = preSolution
		HideSolutionNode = FALSE
	EndGlobalSection
	GlobalSection(ExtensibilityGlobals) = postSolution
		SolutionGuid = {E51BC6E7-1ACF-4D25-8345-56958857D2BB}
	EndGlobalSection
EndGlobal
